
Microsoft Visual Studio Solution File, Format Version 12.00
# Visual Studio Version 17
VisualStudioVersion = 17.10.34916.146
MinimumVisualStudioVersion = 10.0.40219.1
Project("{9A19103F-16F7-4668-BE54-9A1E7A4F7556}") = "CalculatorLibrary", "CalculatorLibrary\CalculatorLibrary.csproj", "{AEDEC6CB-58AD-4EED-AB6B-0FAB651EBE72}"
EndProject
Project("{FAE04EC0-301F-11D3-BF4B-00C04F79EFBC}") = "CalculatorLibraryTest", "CalculatorLibraryTest\CalculatorLibraryTest.csproj", "{8203B88A-B54B-474E-9F79-462ADC80A3B7}"
EndProject
Global
	GlobalSection(SolutionConfigurationPlatforms) = preSolution
		Debug|Any CPU = Debug|Any CPU
		Release|Any CPU = Release|Any CPU
	EndGlobalSection
	GlobalSection(ProjectConfigurationPlatforms) = postSolution
		{AEDEC6CB-58AD-4EED-AB6B-0FAB651EBE72}.Debug|Any CPU.ActiveCfg = Debug|Any CPU
		{AEDEC6CB-58AD-4EED-AB6B-0FAB651EBE72}.Debug|Any CPU.Build.0 = Debug|Any CPU
		{AEDEC6CB-58AD-4EED-AB6B-0FAB651EBE72}.Release|Any CPU.ActiveCfg = Release|Any CPU
		{AEDEC6CB-58AD-4EED-AB6B-0FAB651EBE72}.Release|Any CPU.Build.0 = Release|Any CPU
		{8203B88A-B54B-474E-9F79-462ADC80A3B7}.Debug|Any CPU.ActiveCfg = Debug|Any CPU
		{8203B88A-B54B-474E-9F79-462ADC80A3B7}.Debug|Any CPU.Build.0 = Debug|Any CPU
		{8203B88A-B54B-474E-9F79-462ADC80A3B7}.Release|Any CPU.ActiveCfg = Release|Any CPU
		{8203B88A-B54B-474E-9F79-462ADC80A3B7}.Release|Any CPU.Build.0 = Release|Any CPU
	EndGlobalSection
	GlobalSection(SolutionProperties) = preSolution
		HideSolutionNode = FALSE
	EndGlobalSection
	GlobalSection(ExtensibilityGlobals) = postSolution
		SolutionGuid = {601038B8-02B5-4B8A-8451-B6613E68F745}
	EndGlobalSection
EndGlobal
